
Microsoft Visual Studio Solution File, Format Version 12.00
# Visual Studio Version 17
VisualStudioVersion = 17.0.31903.59
MinimumVisualStudioVersion = 10.0.40219.1
Project("{2150E333-8FDC-42A3-9474-1A3956D46DE8}") = "src", "src", "{827E0CD3-B72D-47B6-A68D-7590B98EB39B}"
EndProject
Project("{FAE04EC0-301F-11D3-BF4B-00C04F79EFBC}") = "OrderService.Domain", "src\OrderService.Domain\OrderService.Domain.csproj", "{47E7985C-A1A6-4855-A4C9-9CE74551B6F1}"
EndProject
Project("{FAE04EC0-301F-11D3-BF4B-00C04F79EFBC}") = "OrderService.Application", "src\OrderService.Application\OrderService.Application.csproj", "{A77658AD-04CC-4246-8418-1E97E51B99C5}"
EndProject
Project("{FAE04EC0-301F-11D3-BF4B-00C04F79EFBC}") = "OrderService.Infrastructure", "src\OrderService.Infrastructure\OrderService.Infrastructure.csproj", "{A3C864DC-9D1B-4984-9DC3-2B1840B199B0}"
EndProject
Project("{FAE04EC0-301F-11D3-BF4B-00C04F79EFBC}") = "OrderService.Api", "src\OrderService.Api\OrderService.Api.csproj", "{53E2BD75-3E58-457C-A8BF-66421FE2E284}"
EndProject
Project("{2150E333-8FDC-42A3-9474-1A3956D46DE8}") = "tests", "tests", "{0AB3BF05-4346-4AA6-1389-037BE0695223}"
EndProject
Project("{FAE04EC0-301F-11D3-BF4B-00C04F79EFBC}") = "OrderService.UnitTests", "tests\OrderService.UnitTests\OrderService.UnitTests.csproj", "{93A60D23-609B-428A-81A6-2C87EDA1C95F}"
EndProject
Project("{FAE04EC0-301F-11D3-BF4B-00C04F79EFBC}") = "OrderService.IntegrationTests", "tests\OrderService.IntegrationTests\OrderService.IntegrationTests.csproj", "{80697B22-ED56-4A86-BC25-8C4D69D1E28A}"
EndProject
Global
	GlobalSection(SolutionConfigurationPlatforms) = preSolution
		Debug|Any CPU = Debug|Any CPU
		Debug|x64 = Debug|x64
		Debug|x86 = Debug|x86
		Release|Any CPU = Release|Any CPU
		Release|x64 = Release|x64
		Release|x86 = Release|x86
	EndGlobalSection
	GlobalSection(ProjectConfigurationPlatforms) = postSolution
		{47E7985C-A1A6-4855-A4C9-9CE74551B6F1}.Debug|Any CPU.ActiveCfg = Debug|Any CPU
		{47E7985C-A1A6-4855-A4C9-9CE74551B6F1}.Debug|Any CPU.Build.0 = Debug|Any CPU
		{47E7985C-A1A6-4855-A4C9-9CE74551B6F1}.Debug|x64.ActiveCfg = Debug|Any CPU
		{47E7985C-A1A6-4855-A4C9-9CE74551B6F1}.Debug|x64.Build.0 = Debug|Any CPU
		{47E7985C-A1A6-4855-A4C9-9CE74551B6F1}.Debug|x86.ActiveCfg = Debug|Any CPU
		{47E7985C-A1A6-4855-A4C9-9CE74551B6F1}.Debug|x86.Build.0 = Debug|Any CPU
		{47E7985C-A1A6-4855-A4C9-9CE74551B6F1}.Release|Any CPU.ActiveCfg = Release|Any CPU
		{47E7985C-A1A6-4855-A4C9-9CE74551B6F1}.Release|Any CPU.Build.0 = Release|Any CPU
		{47E7985C-A1A6-4855-A4C9-9CE74551B6F1}.Release|x64.ActiveCfg = Release|Any CPU
		{47E7985C-A1A6-4855-A4C9-9CE74551B6F1}.Release|x64.Build.0 = Release|Any CPU
		{47E7985C-A1A6-4855-A4C9-9CE74551B6F1}.Release|x86.ActiveCfg = Release|Any CPU
		{47E7985C-A1A6-4855-A4C9-9CE74551B6F1}.Release|x86.Build.0 = Release|Any CPU
		{A77658AD-04CC-4246-8418-1E97E51B99C5}.Debug|Any CPU.ActiveCfg = Debug|Any CPU
		{A77658AD-04CC-4246-8418-1E97E51B99C5}.Debug|Any CPU.Build.0 = Debug|Any CPU
		{A77658AD-04CC-4246-8418-1E97E51B99C5}.Debug|x64.ActiveCfg = Debug|Any CPU
		{A77658AD-04CC-4246-8418-1E97E51B99C5}.Debug|x64.Build.0 = Debug|Any CPU
		{A77658AD-04CC-4246-8418-1E97E51B99C5}.Debug|x86.ActiveCfg = Debug|Any CPU
		{A77658AD-04CC-4246-8418-1E97E51B99C5}.Debug|x86.Build.0 = Debug|Any CPU
		{A77658AD-04CC-4246-8418-1E97E51B99C5}.Release|Any CPU.ActiveCfg = Release|Any CPU
		{A77658AD-04CC-4246-8418-1E97E51B99C5}.Release|Any CPU.Build.0 = Release|Any CPU
		{A77658AD-04CC-4246-8418-1E97E51B99C5}.Release|x64.ActiveCfg = Release|Any CPU
		{A77658AD-04CC-4246-8418-1E97E51B99C5}.Release|x64.Build.0 = Release|Any CPU
		{A77658AD-04CC-4246-8418-1E97E51B99C5}.Release|x86.ActiveCfg = Release|Any CPU
		{A77658AD-04CC-4246-8418-1E97E51B99C5}.Release|x86.Build.0 = Release|Any CPU
		{A3C864DC-9D1B-4984-9DC3-2B1840B199B0}.Debug|Any CPU.ActiveCfg = Debug|Any CPU
		{A3C864DC-9D1B-4984-9DC3-2B1840B199B0}.Debug|Any CPU.Build.0 = Debug|Any CPU
		{A3C864DC-9D1B-4984-9DC3-2B1840B199B0}.Debug|x64.ActiveCfg = Debug|Any CPU
		{A3C864DC-9D1B-4984-9DC3-2B1840B199B0}.Debug|x64.Build.0 = Debug|Any CPU
		{A3C864DC-9D1B-4984-9DC3-2B1840B199B0}.Debug|x86.ActiveCfg = Debug|Any CPU
		{A3C864DC-9D1B-4984-9DC3-2B1840B199B0}.Debug|x86.Build.0 = Debug|Any CPU
		{A3C864DC-9D1B-4984-9DC3-2B1840B199B0}.Release|Any CPU.ActiveCfg = Release|Any CPU
		{A3C864DC-9D1B-4984-9DC3-2B1840B199B0}.Release|Any CPU.Build.0 = Release|Any CPU
		{A3C864DC-9D1B-4984-9DC3-2B1840B199B0}.Release|x64.ActiveCfg = Release|Any CPU
		{A3C864DC-9D1B-4984-9DC3-2B1840B199B0}.Release|x64.Build.0 = Release|Any CPU
		{A3C864DC-9D1B-4984-9DC3-2B1840B199B0}.Release|x86.ActiveCfg = Release|Any CPU
		{A3C864DC-9D1B-4984-9DC3-2B1840B199B0}.Release|x86.Build.0 = Release|Any CPU
		{53E2BD75-3E58-457C-A8BF-66421FE2E284}.Debug|Any CPU.ActiveCfg = Debug|Any CPU
		{53E2BD75-3E58-457C-A8BF-66421FE2E284}.Debug|Any CPU.Build.0 = Debug|Any CPU
		{53E2BD75-3E58-457C-A8BF-66421FE2E284}.Debug|x64.ActiveCfg = Debug|Any CPU
		{53E2BD75-3E58-457C-A8BF-66421FE2E284}.Debug|x64.Build.0 = Debug|Any CPU
		{53E2BD75-3E58-457C-A8BF-66421FE2E284}.Debug|x86.ActiveCfg = Debug|Any CPU
		{53E2BD75-3E58-457C-A8BF-66421FE2E284}.Debug|x86.Build.0 = Debug|Any CPU
		{53E2BD75-3E58-457C-A8BF-66421FE2E284}.Release|Any CPU.ActiveCfg = Release|Any CPU
		{53E2BD75-3E58-457C-A8BF-66421FE2E284}.Release|Any CPU.Build.0 = Release|Any CPU
		{53E2BD75-3E58-457C-A8BF-66421FE2E284}.Release|x64.ActiveCfg = Release|Any CPU
		{53E2BD75-3E58-457C-A8BF-66421FE2E284}.Release|x64.Build.0 = Release|Any CPU
		{53E2BD75-3E58-457C-A8BF-66421FE2E284}.Release|x86.ActiveCfg = Release|Any CPU
		{53E2BD75-3E58-457C-A8BF-66421FE2E284}.Release|x86.Build.0 = Release|Any CPU
		{93A60D23-609B-428A-81A6-2C87EDA1C95F}.Debug|Any CPU.ActiveCfg = Debug|Any CPU
		{93A60D23-609B-428A-81A6-2C87EDA1C95F}.Debug|Any CPU.Build.0 = Debug|Any CPU
		{93A60D23-609B-428A-81A6-2C87EDA1C95F}.Debug|x64.ActiveCfg = Debug|Any CPU
		{93A60D23-609B-428A-81A6-2C87EDA1C95F}.Debug|x64.Build.0 = Debug|Any CPU
		{93A60D23-609B-428A-81A6-2C87EDA1C95F}.Debug|x86.ActiveCfg = Debug|Any CPU
		{93A60D23-609B-428A-81A6-2C87EDA1C95F}.Debug|x86.Build.0 = Debug|Any CPU
		{93A60D23-609B-428A-81A6-2C87EDA1C95F}.Release|Any CPU.ActiveCfg = Release|Any CPU
		{93A60D23-609B-428A-81A6-2C87EDA1C95F}.Release|Any CPU.Build.0 = Release|Any CPU
		{93A60D23-609B-428A-81A6-2C87EDA1C95F}.Release|x64.ActiveCfg = Release|Any CPU
		{93A60D23-609B-428A-81A6-2C87EDA1C95F}.Release|x64.Build.0 = Release|Any CPU
		{93A60D23-609B-428A-81A6-2C87EDA1C95F}.Release|x86.ActiveCfg = Release|Any CPU
		{93A60D23-609B-428A-81A6-2C87EDA1C95F}.Release|x86.Build.0 = Release|Any CPU
		{80697B22-ED56-4A86-BC25-8C4D69D1E28A}.Debug|Any CPU.ActiveCfg = Debug|Any CPU
		{80697B22-ED56-4A86-BC25-8C4D69D1E28A}.Debug|Any CPU.Build.0 = Debug|Any CPU
		{80697B22-ED56-4A86-BC25-8C4D69D1E28A}.Debug|x64.ActiveCfg = Debug|Any CPU
		{80697B22-ED56-4A86-BC25-8C4D69D1E28A}.Debug|x64.Build.0 = Debug|Any CPU
		{80697B22-ED56-4A86-BC25-8C4D69D1E28A}.Debug|x86.ActiveCfg = Debug|Any CPU
		{80697B22-ED56-4A86-BC25-8C4D69D1E28A}.Debug|x86.Build.0 = Debug|Any CPU
		{80697B22-ED56-4A86-BC25-8C4D69D1E28A}.Release|Any CPU.ActiveCfg = Release|Any CPU
		{80697B22-ED56-4A86-BC25-8C4D69D1E28A}.Release|Any CPU.Build.0 = Release|Any CPU
		{80697B22-ED56-4A86-BC25-8C4D69D1E28A}.Release|x64.ActiveCfg = Release|Any CPU
		{80697B22-ED56-4A86-BC25-8C4D69D1E28A}.Release|x64.Build.0 = Release|Any CPU
		{80697B22-ED56-4A86-BC25-8C4D69D1E28A}.Release|x86.ActiveCfg = Release|Any CPU
		{80697B22-ED56-4A86-BC25-8C4D69D1E28A}.Release|x86.Build.0 = Release|Any CPU
	EndGlobalSection
	GlobalSection(SolutionProperties) = preSolution
		HideSolutionNode = FALSE
	EndGlobalSection
	GlobalSection(NestedProjects) = preSolution
		{47E7985C-A1A6-4855-A4C9-9CE74551B6F1} = {827E0CD3-B72D-47B6-A68D-7590B98EB39B}
		{A77658AD-04CC-4246-8418-1E97E51B99C5} = {827E0CD3-B72D-47B6-A68D-7590B98EB39B}
		{A3C864DC-9D1B-4984-9DC3-2B1840B199B0} = {827E0CD3-B72D-47B6-A68D-7590B98EB39B}
		{53E2BD75-3E58-457C-A8BF-66421FE2E284} = {827E0CD3-B72D-47B6-A68D-7590B98EB39B}
		{93A60D23-609B-428A-81A6-2C87EDA1C95F} = {0AB3BF05-4346-4AA6-1389-037BE0695223}
		{80697B22-ED56-4A86-BC25-8C4D69D1E28A} = {0AB3BF05-4346-4AA6-1389-037BE0695223}
	EndGlobalSection
EndGlobal
